// !$*UTF8*$!
{
	archiveVersion = 1;
	classes = {
	};
	objectVersion = 50;
	objects = {

/* Begin PBXBuildFile section */
		2664A4262617E31600F82CFB /* OrganizerApp.swift in Sources */ = {isa = PBXBuildFile; fileRef = 2664A4252617E31600F82CFB /* OrganizerApp.swift */; };
		2664A4282617E31600F82CFB /* ContentView.swift in Sources */ = {isa = PBXBuildFile; fileRef = 2664A4272617E31600F82CFB /* ContentView.swift */; };
		2664A42A2617E31700F82CFB /* Assets.xcassets in Resources */ = {isa = PBXBuildFile; fileRef = 2664A4292617E31700F82CFB /* Assets.xcassets */; };
		2664A42D2617E31700F82CFB /* Preview Assets.xcassets in Resources */ = {isa = PBXBuildFile; fileRef = 2664A42C2617E31700F82CFB /* Preview Assets.xcassets */; };
		2664A4382617E31700F82CFB /* OrganizerTests.swift in Sources */ = {isa = PBXBuildFile; fileRef = 2664A4372617E31700F82CFB /* OrganizerTests.swift */; };
		2664A4432617E31700F82CFB /* OrganizerUITests.swift in Sources */ = {isa = PBXBuildFile; fileRef = 2664A4422617E31700F82CFB /* OrganizerUITests.swift */; };
		26C4C36E2617F6E700F17071 /* Chat.swift in Sources */ = {isa = PBXBuildFile; fileRef = 26C4C36D2617F6E700F17071 /* Chat.swift */; };
/* End PBXBuildFile section */

/* Begin PBXContainerItemProxy section */
		2664A4342617E31700F82CFB /* PBXContainerItemProxy */ = {
			isa = PBXContainerItemProxy;
			containerPortal = 2664A41A2617E31600F82CFB /* Project object */;
			proxyType = 1;
			remoteGlobalIDString = 2664A4212617E31600F82CFB;
			remoteInfo = Organizer;
		};
		2664A43F2617E31700F82CFB /* PBXContainerItemProxy */ = {
			isa = PBXContainerItemProxy;
			containerPortal = 2664A41A2617E31600F82CFB /* Project object */;
			proxyType = 1;
			remoteGlobalIDString = 2664A4212617E31600F82CFB;
			remoteInfo = Organizer;
		};
/* End PBXContainerItemProxy section */

/* Begin PBXFileReference section */
		2664A4222617E31600F82CFB /* Organizer.app */ = {isa = PBXFileReference; explicitFileType = wrapper.application; includeInIndex = 0; path = Organizer.app; sourceTree = BUILT_PRODUCTS_DIR; };
		2664A4252617E31600F82CFB /* OrganizerApp.swift */ = {isa = PBXFileReference; lastKnownFileType = sourcecode.swift; path = OrganizerApp.swift; sourceTree = "<group>"; };
		2664A4272617E31600F82CFB /* ContentView.swift */ = {isa = PBXFileReference; lastKnownFileType = sourcecode.swift; path = ContentView.swift; sourceTree = "<group>"; };
		2664A4292617E31700F82CFB /* Assets.xcassets */ = {isa = PBXFileReference; lastKnownFileType = folder.assetcatalog; path = Assets.xcassets; sourceTree = "<group>"; };
		2664A42C2617E31700F82CFB /* Preview Assets.xcassets */ = {isa = PBXFileReference; lastKnownFileType = folder.assetcatalog; path = "Preview Assets.xcassets"; sourceTree = "<group>"; };
		2664A42E2617E31700F82CFB /* Info.plist */ = {isa = PBXFileReference; lastKnownFileType = text.plist.xml; path = Info.plist; sourceTree = "<group>"; };
		2664A4332617E31700F82CFB /* OrganizerTests.xctest */ = {isa = PBXFileReference; explicitFileType = wrapper.cfbundle; includeInIndex = 0; path = OrganizerTests.xctest; sourceTree = BUILT_PRODUCTS_DIR; };
		2664A4372617E31700F82CFB /* OrganizerTests.swift */ = {isa = PBXFileReference; lastKnownFileType = sourcecode.swift; path = OrganizerTests.swift; sourceTree = "<group>"; };
		2664A4392617E31700F82CFB /* Info.plist */ = {isa = PBXFileReference; lastKnownFileType = text.plist.xml; path = Info.plist; sourceTree = "<group>"; };
		2664A43E2617E31700F82CFB /* OrganizerUITests.xctest */ = {isa = PBXFileReference; explicitFileType = wrapper.cfbundle; includeInIndex = 0; path = OrganizerUITests.xctest; sourceTree = BUILT_PRODUCTS_DIR; };
		2664A4422617E31700F82CFB /* OrganizerUITests.swift */ = {isa = PBXFileReference; lastKnownFileType = sourcecode.swift; path = OrganizerUITests.swift; sourceTree = "<group>"; };
		2664A4442617E31700F82CFB /* Info.plist */ = {isa = PBXFileReference; lastKnownFileType = text.plist.xml; path = Info.plist; sourceTree = "<group>"; };
		26C4C36D2617F6E700F17071 /* Chat.swift */ = {isa = PBXFileReference; lastKnownFileType = sourcecode.swift; path = Chat.swift; sourceTree = "<group>"; };
/* End PBXFileReference section */

/* Begin PBXFrameworksBuildPhase section */
		2664A41F2617E31600F82CFB /* Frameworks */ = {
			isa = PBXFrameworksBuildPhase;
			buildActionMask = 2147483647;
			files = (
			);
			runOnlyForDeploymentPostprocessing = 0;
		};
		2664A4302617E31700F82CFB /* Frameworks */ = {
			isa = PBXFrameworksBuildPhase;
			buildActionMask = 2147483647;
			files = (
			);
			runOnlyForDeploymentPostprocessing = 0;
		};
		2664A43B2617E31700F82CFB /* Frameworks */ = {
			isa = PBXFrameworksBuildPhase;
			buildActionMask = 2147483647;
			files = (
			);
			runOnlyForDeploymentPostprocessing = 0;
		};
/* End PBXFrameworksBuildPhase section */

/* Begin PBXGroup section */
		2664A4192617E31600F82CFB = {
			isa = PBXGroup;
			children = (
				2664A4242617E31600F82CFB /* Organizer */,
				2664A4362617E31700F82CFB /* OrganizerTests */,
				2664A4412617E31700F82CFB /* OrganizerUITests */,
				2664A4232617E31600F82CFB /* Products */,
			);
			sourceTree = "<group>";
		};
		2664A4232617E31600F82CFB /* Products */ = {
			isa = PBXGroup;
			children = (
				2664A4222617E31600F82CFB /* Organizer.app */,
				2664A4332617E31700F82CFB /* OrganizerTests.xctest */,
				2664A43E2617E31700F82CFB /* OrganizerUITests.xctest */,
			);
			name = Products;
			sourceTree = "<group>";
		};
		2664A4242617E31600F82CFB /* Organizer */ = {
			isa = PBXGroup;
			children = (
				2664A4252617E31600F82CFB /* OrganizerApp.swift */,
				26C4C36D2617F6E700F17071 /* Chat.swift */,
				2664A4272617E31600F82CFB /* ContentView.swift */,
				2664A4292617E31700F82CFB /* Assets.xcassets */,
				2664A42E2617E31700F82CFB /* Info.plist */,
				2664A42B2617E31700F82CFB /* Preview Content */,
			);
			path = Organizer;
			sourceTree = "<group>";
		};
		2664A42B2617E31700F82CFB /* Preview Content */ = {
			isa = PBXGroup;
			children = (
				2664A42C2617E31700F82CFB /* Preview Assets.xcassets */,
			);
			path = "Preview Content";
			sourceTree = "<group>";
		};
		2664A4362617E31700F82CFB /* OrganizerTests */ = {
			isa = PBXGroup;
			children = (
				2664A4372617E31700F82CFB /* OrganizerTests.swift */,
				2664A4392617E31700F82CFB /* Info.plist */,
			);
			path = OrganizerTests;
			sourceTree = "<group>";
		};
		2664A4412617E31700F82CFB /* OrganizerUITests */ = {
			isa = PBXGroup;
			children = (
				2664A4422617E31700F82CFB /* OrganizerUITests.swift */,
				2664A4442617E31700F82CFB /* Info.plist */,
			);
			path = OrganizerUITests;
			sourceTree = "<group>";
		};
/* End PBXGroup section */

/* Begin PBXNativeTarget section */
		2664A4212617E31600F82CFB /* Organizer */ = {
			isa = PBXNativeTarget;
			buildConfigurationList = 2664A4472617E31700F82CFB /* Build configuration list for PBXNativeTarget "Organizer" */;
			buildPhases = (
				2664A41E2617E31600F82CFB /* Sources */,
				2664A41F2617E31600F82CFB /* Frameworks */,
				2664A4202617E31600F82CFB /* Resources */,
			);
			buildRules = (
			);
			dependencies = (
			);
			name = Organizer;
			productName = Organizer;
			productReference = 2664A4222617E31600F82CFB /* Organizer.app */;
			productType = "com.apple.product-type.application";
		};
		2664A4322617E31700F82CFB /* OrganizerTests */ = {
			isa = PBXNativeTarget;
			buildConfigurationList = 2664A44A2617E31700F82CFB /* Build configuration list for PBXNativeTarget "OrganizerTests" */;
			buildPhases = (
				2664A42F2617E31700F82CFB /* Sources */,
				2664A4302617E31700F82CFB /* Frameworks */,
				2664A4312617E31700F82CFB /* Resources */,
			);
			buildRules = (
			);
			dependencies = (
				2664A4352617E31700F82CFB /* PBXTargetDependency */,
			);
			name = OrganizerTests;
			productName = OrganizerTests;
			productReference = 2664A4332617E31700F82CFB /* OrganizerTests.xctest */;
			productType = "com.apple.product-type.bundle.unit-test";
		};
		2664A43D2617E31700F82CFB /* OrganizerUITests */ = {
			isa = PBXNativeTarget;
			buildConfigurationList = 2664A44D2617E31700F82CFB /* Build configuration list for PBXNativeTarget "OrganizerUITests" */;
			buildPhases = (
				2664A43A2617E31700F82CFB /* Sources */,
				2664A43B2617E31700F82CFB /* Frameworks */,
				2664A43C2617E31700F82CFB /* Resources */,
			);
			buildRules = (
			);
			dependencies = (
				2664A4402617E31700F82CFB /* PBXTargetDependency */,
			);
			name = OrganizerUITests;
			productName = OrganizerUITests;
			productReference = 2664A43E2617E31700F82CFB /* OrganizerUITests.xctest */;
			productType = "com.apple.product-type.bundle.ui-testing";
		};
/* End PBXNativeTarget section */

/* Begin PBXProject section */
		2664A41A2617E31600F82CFB /* Project object */ = {
			isa = PBXProject;
			attributes = {
				LastSwiftUpdateCheck = 1240;
				LastUpgradeCheck = 1240;
				TargetAttributes = {
					2664A4212617E31600F82CFB = {
						CreatedOnToolsVersion = 12.4;
					};
					2664A4322617E31700F82CFB = {
						CreatedOnToolsVersion = 12.4;
						TestTargetID = 2664A4212617E31600F82CFB;
					};
					2664A43D2617E31700F82CFB = {
						CreatedOnToolsVersion = 12.4;
						TestTargetID = 2664A4212617E31600F82CFB;
					};
				};
			};
			buildConfigurationList = 2664A41D2617E31600F82CFB /* Build configuration list for PBXProject "Organizer" */;
			compatibilityVersion = "Xcode 9.3";
			developmentRegion = en;
			hasScannedForEncodings = 0;
			knownRegions = (
				en,
				Base,
			);
			mainGroup = 2664A4192617E31600F82CFB;
			productRefGroup = 2664A4232617E31600F82CFB /* Products */;
			projectDirPath = "";
			projectRoot = "";
			targets = (
				2664A4212617E31600F82CFB /* Organizer */,
				2664A4322617E31700F82CFB /* OrganizerTests */,
				2664A43D2617E31700F82CFB /* OrganizerUITests */,
			);
		};
/* End PBXProject section */

/* Begin PBXResourcesBuildPhase section */
		2664A4202617E31600F82CFB /* Resources */ = {
			isa = PBXResourcesBuildPhase;
			buildActionMask = 2147483647;
			files = (
				2664A42D2617E31700F82CFB /* Preview Assets.xcassets in Resources */,
				2664A42A2617E31700F82CFB /* Assets.xcassets in Resources */,
			);
			runOnlyForDeploymentPostprocessing = 0;
		};
		2664A4312617E31700F82CFB /* Resources */ = {
			isa = PBXResourcesBuildPhase;
			buildActionMask = 2147483647;
			files = (
			);
			runOnlyForDeploymentPostprocessing = 0;
		};
		2664A43C2617E31700F82CFB /* Resources */ = {
			isa = PBXResourcesBuildPhase;
			buildActionMask = 2147483647;
			files = (
			);
			runOnlyForDeploymentPostprocessing = 0;
		};
/* End PBXResourcesBuildPhase section */

/* Begin PBXSourcesBuildPhase section */
		2664A41E2617E31600F82CFB /* Sources */ = {
			isa = PBXSourcesBuildPhase;
			buildActionMask = 2147483647;
			files = (
				2664A4282617E31600F82CFB /* ContentView.swift in Sources */,
				26C4C36E2617F6E700F17071 /* Chat.swift in Sources */,
				2664A4262617E31600F82CFB /* OrganizerApp.swift in Sources */,
			);
			runOnlyForDeploymentPostprocessing = 0;
		};
		2664A42F2617E31700F82CFB /* Sources */ = {
			isa = PBXSourcesBuildPhase;
			buildActionMask = 2147483647;
			files = (
				2664A4382617E31700F82CFB /* OrganizerTests.swift in Sources */,
			);
			runOnlyForDeploymentPostprocessing = 0;
		};
		2664A43A2617E31700F82CFB /* Sources */ = {
			isa = PBXSourcesBuildPhase;
			buildActionMask = 2147483647;
			files = (
				2664A4432617E31700F82CFB /* OrganizerUITests.swift in Sources */,
			);
			runOnlyForDeploymentPostprocessing = 0;
		};
/* End PBXSourcesBuildPhase section */

/* Begin PBXTargetDependency section */
		2664A4352617E31700F82CFB /* PBXTargetDependency */ = {
			isa = PBXTargetDependency;
			target = 2664A4212617E31600F82CFB /* Organizer */;
			targetProxy = 2664A4342617E31700F82CFB /* PBXContainerItemProxy */;
		};
		2664A4402617E31700F82CFB /* PBXTargetDependency */ = {
			isa = PBXTargetDependency;
			target = 2664A4212617E31600F82CFB /* Organizer */;
			targetProxy = 2664A43F2617E31700F82CFB /* PBXContainerItemProxy */;
		};
/* End PBXTargetDependency section */

/* Begin XCBuildConfiguration section */
		2664A4452617E31700F82CFB /* Debug */ = {
			isa = XCBuildConfiguration;
			buildSettings = {
				ALWAYS_SEARCH_USER_PATHS = NO;
				CLANG_ANALYZER_NONNULL = YES;
				CLANG_ANALYZER_NUMBER_OBJECT_CONVERSION = YES_AGGRESSIVE;
				CLANG_CXX_LANGUAGE_STANDARD = "gnu++14";
				CLANG_CXX_LIBRARY = "libc++";
				CLANG_ENABLE_MODULES = YES;
				CLANG_ENABLE_OBJC_ARC = YES;
				CLANG_ENABLE_OBJC_WEAK = YES;
				CLANG_WARN_BLOCK_CAPTURE_AUTORELEASING = YES;
				CLANG_WARN_BOOL_CONVERSION = YES;
				CLANG_WARN_COMMA = YES;
				CLANG_WARN_CONSTANT_CONVERSION = YES;
				CLANG_WARN_DEPRECATED_OBJC_IMPLEMENTATIONS = YES;
				CLANG_WARN_DIRECT_OBJC_ISA_USAGE = YES_ERROR;
				CLANG_WARN_DOCUMENTATION_COMMENTS = YES;
				CLANG_WARN_EMPTY_BODY = YES;
				CLANG_WARN_ENUM_CONVERSION = YES;
				CLANG_WARN_INFINITE_RECURSION = YES;
				CLANG_WARN_INT_CONVERSION = YES;
				CLANG_WARN_NON_LITERAL_NULL_CONVERSION = YES;
				CLANG_WARN_OBJC_IMPLICIT_RETAIN_SELF = YES;
				CLANG_WARN_OBJC_LITERAL_CONVERSION = YES;
				CLANG_WARN_OBJC_ROOT_CLASS = YES_ERROR;
				CLANG_WARN_QUOTED_INCLUDE_IN_FRAMEWORK_HEADER = YES;
				CLANG_WARN_RANGE_LOOP_ANALYSIS = YES;
				CLANG_WARN_STRICT_PROTOTYPES = YES;
				CLANG_WARN_SUSPICIOUS_MOVE = YES;
				CLANG_WARN_UNGUARDED_AVAILABILITY = YES_AGGRESSIVE;
				CLANG_WARN_UNREACHABLE_CODE = YES;
				CLANG_WARN__DUPLICATE_METHOD_MATCH = YES;
				COPY_PHASE_STRIP = NO;
				DEBUG_INFORMATION_FORMAT = dwarf;
				ENABLE_STRICT_OBJC_MSGSEND = YES;
				ENABLE_TESTABILITY = YES;
				GCC_C_LANGUAGE_STANDARD = gnu11;
				GCC_DYNAMIC_NO_PIC = NO;
				GCC_NO_COMMON_BLOCKS = YES;
				GCC_OPTIMIZATION_LEVEL = 0;
				GCC_PREPROCESSOR_DEFINITIONS = (
					"DEBUG=1",
					"$(inherited)",
				);
				GCC_WARN_64_TO_32_BIT_CONVERSION = YES;
				GCC_WARN_ABOUT_RETURN_TYPE = YES_ERROR;
				GCC_WARN_UNDECLARED_SELECTOR = YES;
				GCC_WARN_UNINITIALIZED_AUTOS = YES_AGGRESSIVE;
				GCC_WARN_UNUSED_FUNCTION = YES;
				GCC_WARN_UNUSED_VARIABLE = YES;
				IPHONEOS_DEPLOYMENT_TARGET = 14.4;
				MTL_ENABLE_DEBUG_INFO = INCLUDE_SOURCE;
				MTL_FAST_MATH = YES;
				ONLY_ACTIVE_ARCH = YES;
				SDKROOT = iphoneos;
				SWIFT_ACTIVE_COMPILATION_CONDITIONS = DEBUG;
				SWIFT_OPTIMIZATION_LEVEL = "-Onone";
			};
			name = Debug;
		};
		2664A4462617E31700F82CFB /* Release */ = {
			isa = XCBuildConfiguration;
			buildSettings = {
				ALWAYS_SEARCH_USER_PATHS = NO;
				CLANG_ANALYZER_NONNULL = YES;
				CLANG_ANALYZER_NUMBER_OBJECT_CONVERSION = YES_AGGRESSIVE;
				CLANG_CXX_LANGUAGE_STANDARD = "gnu++14";
				CLANG_CXX_LIBRARY = "libc++";
				CLANG_ENABLE_MODULES = YES;
				CLANG_ENABLE_OBJC_ARC = YES;
				CLANG_ENABLE_OBJC_WEAK = YES;
				CLANG_WARN_BLOCK_CAPTURE_AUTORELEASING = YES;
				CLANG_WARN_BOOL_CONVERSION = YES;
				CLANG_WARN_COMMA = YES;
				CLANG_WARN_CONSTANT_CONVERSION = YES;
				CLANG_WARN_DEPRECATED_OBJC_IMPLEMENTATIONS = YES;
				CLANG_WARN_DIRECT_OBJC_ISA_USAGE = YES_ERROR;
				CLANG_WARN_DOCUMENTATION_COMMENTS = YES;
				CLANG_WARN_EMPTY_BODY = YES;
				CLANG_WARN_ENUM_CONVERSION = YES;
				CLANG_WARN_INFINITE_RECURSION = YES;
				CLANG_WARN_INT_CONVERSION = YES;
				CLANG_WARN_NON_LITERAL_NULL_CONVERSION = YES;
				CLANG_WARN_OBJC_IMPLICIT_RETAIN_SELF = YES;
				CLANG_WARN_OBJC_LITERAL_CONVERSION = YES;
				CLANG_WARN_OBJC_ROOT_CLASS = YES_ERROR;
				CLANG_WARN_QUOTED_INCLUDE_IN_FRAMEWORK_HEADER = YES;
				CLANG_WARN_RANGE_LOOP_ANALYSIS = YES;
				CLANG_WARN_STRICT_PROTOTYPES = YES;
				CLANG_WARN_SUSPICIOUS_MOVE = YES;
				CLANG_WARN_UNGUARDED_AVAILABILITY = YES_AGGRESSIVE;
				CLANG_WARN_UNREACHABLE_CODE = YES;
				CLANG_WARN__DUPLICATE_METHOD_MATCH = YES;
				COPY_PHASE_STRIP = NO;
				DEBUG_INFORMATION_FORMAT = "dwarf-with-dsym";
				ENABLE_NS_ASSERTIONS = NO;
				ENABLE_STRICT_OBJC_MSGSEND = YES;
				GCC_C_LANGUAGE_STANDARD = gnu11;
				GCC_NO_COMMON_BLOCKS = YES;
				GCC_WARN_64_TO_32_BIT_CONVERSION = YES;
				GCC_WARN_ABOUT_RETURN_TYPE = YES_ERROR;
				GCC_WARN_UNDECLARED_SELECTOR = YES;
				GCC_WARN_UNINITIALIZED_AUTOS = YES_AGGRESSIVE;
				GCC_WARN_UNUSED_FUNCTION = YES;
				GCC_WARN_UNUSED_VARIABLE = YES;
				IPHONEOS_DEPLOYMENT_TARGET = 14.4;
				MTL_ENABLE_DEBUG_INFO = NO;
				MTL_FAST_MATH = YES;
				SDKROOT = iphoneos;
				SWIFT_COMPILATION_MODE = wholemodule;
				SWIFT_OPTIMIZATION_LEVEL = "-O";
				VALIDATE_PRODUCT = YES;
			};
			name = Release;
		};
		2664A4482617E31700F82CFB /* Debug */ = {
			isa = XCBuildConfiguration;
			buildSettings = {
				ASSETCATALOG_COMPILER_APPICON_NAME = AppIcon;
				ASSETCATALOG_COMPILER_GLOBAL_ACCENT_COLOR_NAME = AccentColor;
				CODE_SIGN_STYLE = Automatic;
				DEVELOPMENT_ASSET_PATHS = "\"Organizer/Preview Content\"";
				ENABLE_PREVIEWS = YES;
				INFOPLIST_FILE = Organizer/Info.plist;
				IPHONEOS_DEPLOYMENT_TARGET = 14.0;
				LD_RUNPATH_SEARCH_PATHS = (
					"$(inherited)",
					"@executable_path/Frameworks",
				);
				PRODUCT_BUNDLE_IDENTIFIER = com.omnidapps.Organizer;
				PRODUCT_NAME = "$(TARGET_NAME)";
				SWIFT_VERSION = 5.0;
				TARGETED_DEVICE_FAMILY = "1,2";
			};
			name = Debug;
		};
		2664A4492617E31700F82CFB /* Release */ = {
			isa = XCBuildConfiguration;
			buildSettings = {
				ASSETCATALOG_COMPILER_APPICON_NAME = AppIcon;
				ASSETCATALOG_COMPILER_GLOBAL_ACCENT_COLOR_NAME = AccentColor;
				CODE_SIGN_STYLE = Automatic;
				DEVELOPMENT_ASSET_PATHS = "\"Organizer/Preview Content\"";
				ENABLE_PREVIEWS = YES;
				INFOPLIST_FILE = Organizer/Info.plist;
				IPHONEOS_DEPLOYMENT_TARGET = 14.0;
				LD_RUNPATH_SEARCH_PATHS = (
					"$(inherited)",
					"@executable_path/Frameworks",
				);
				PRODUCT_BUNDLE_IDENTIFIER = com.omnidapps.Organizer;
				PRODUCT_NAME = "$(TARGET_NAME)";
				SWIFT_VERSION = 5.0;
				TARGETED_DEVICE_FAMILY = "1,2";
			};
			name = Release;
		};
		2664A44B2617E31700F82CFB /* Debug */ = {
			isa = XCBuildConfiguration;
			buildSettings = {
				ALWAYS_EMBED_SWIFT_STANDARD_LIBRARIES = YES;
				BUNDLE_LOADER = "$(TEST_HOST)";
				CODE_SIGN_STYLE = Automatic;
				INFOPLIST_FILE = OrganizerTests/Info.plist;
				IPHONEOS_DEPLOYMENT_TARGET = 14.0;
				LD_RUNPATH_SEARCH_PATHS = (
					"$(inherited)",
					"@executable_path/Frameworks",
					"@loader_path/Frameworks",
				);
				PRODUCT_BUNDLE_IDENTIFIER = com.omnidapps.OrganizerTests;
				PRODUCT_NAME = "$(TARGET_NAME)";
				SWIFT_VERSION = 5.0;
				TARGETED_DEVICE_FAMILY = "1,2";
				TEST_HOST = "$(BUILT_PRODUCTS_DIR)/Organizer.app/Organizer";
			};
			name = Debug;
		};
		2664A44C2617E31700F82CFB /* Release */ = {
			isa = XCBuildConfiguration;
			buildSettings = {
				ALWAYS_EMBED_SWIFT_STANDARD_LIBRARIES = YES;
				BUNDLE_LOADER = "$(TEST_HOST)";
				CODE_SIGN_STYLE = Automatic;
				INFOPLIST_FILE = OrganizerTests/Info.plist;
				IPHONEOS_DEPLOYMENT_TARGET = 14.0;
				LD_RUNPATH_SEARCH_PATHS = (
					"$(inherited)",
					"@executable_path/Frameworks",
					"@loader_path/Frameworks",
				);
				PRODUCT_BUNDLE_IDENTIFIER = com.omnidapps.OrganizerTests;
				PRODUCT_NAME = "$(TARGET_NAME)";
				SWIFT_VERSION = 5.0;
				TARGETED_DEVICE_FAMILY = "1,2";
				TEST_HOST = "$(BUILT_PRODUCTS_DIR)/Organizer.app/Organizer";
			};
			name = Release;
		};
		2664A44E2617E31700F82CFB /* Debug */ = {
			isa = XCBuildConfiguration;
			buildSettings = {
				ALWAYS_EMBED_SWIFT_STANDARD_LIBRARIES = YES;
				CODE_SIGN_STYLE = Automatic;
				INFOPLIST_FILE = OrganizerUITests/Info.plist;
				LD_RUNPATH_SEARCH_PATHS = (
					"$(inherited)",
					"@executable_path/Frameworks",
					"@loader_path/Frameworks",
				);
				PRODUCT_BUNDLE_IDENTIFIER = com.omnidapps.OrganizerUITests;
				PRODUCT_NAME = "$(TARGET_NAME)";
				SWIFT_VERSION = 5.0;
				TARGETED_DEVICE_FAMILY = "1,2";
				TEST_TARGET_NAME = Organizer;
			};
			name = Debug;
		};
		2664A44F2617E31700F82CFB /* Release */ = {
			isa = XCBuildConfiguration;
			buildSettings = {
				ALWAYS_EMBED_SWIFT_STANDARD_LIBRARIES = YES;
				CODE_SIGN_STYLE = Automatic;
				INFOPLIST_FILE = OrganizerUITests/Info.plist;
				LD_RUNPATH_SEARCH_PATHS = (
					"$(inherited)",
					"@executable_path/Frameworks",
					"@loader_path/Frameworks",
				);
				PRODUCT_BUNDLE_IDENTIFIER = com.omnidapps.OrganizerUITests;
				PRODUCT_NAME = "$(TARGET_NAME)";
				SWIFT_VERSION = 5.0;
				TARGETED_DEVICE_FAMILY = "1,2";
				TEST_TARGET_NAME = Organizer;
			};
			name = Release;
		};
/* End XCBuildConfiguration section */

/* Begin XCConfigurationList section */
		2664A41D2617E31600F82CFB /* Build configuration list for PBXProject "Organizer" */ = {
			isa = XCConfigurationList;
			buildConfigurations = (
				2664A4452617E31700F82CFB /* Debug */,
				2664A4462617E31700F82CFB /* Release */,
			);
			defaultConfigurationIsVisible = 0;
			defaultConfigurationName = Release;
		};
		2664A4472617E31700F82CFB /* Build configuration list for PBXNativeTarget "Organizer" */ = {
			isa = XCConfigurationList;
			buildConfigurations = (
				2664A4482617E31700F82CFB /* Debug */,
				2664A4492617E31700F82CFB /* Release */,
			);
			defaultConfigurationIsVisible = 0;
			defaultConfigurationName = Release;
		};
		2664A44A2617E31700F82CFB /* Build configuration list for PBXNativeTarget "OrganizerTests" */ = {
			isa = XCConfigurationList;
			buildConfigurations = (
				2664A44B2617E31700F82CFB /* Debug */,
				2664A44C2617E31700F82CFB /* Release */,
			);
			defaultConfigurationIsVisible = 0;
			defaultConfigurationName = Release;
		};
		2664A44D2617E31700F82CFB /* Build configuration list for PBXNativeTarget "OrganizerUITests" */ = {
			isa = XCConfigurationList;
			buildConfigurations = (
				2664A44E2617E31700F82CFB /* Debug */,
				2664A44F2617E31700F82CFB /* Release */,
			);
			defaultConfigurationIsVisible = 0;
			defaultConfigurationName = Release;
		};
/* End XCConfigurationList section */
	};
	rootObject = 2664A41A2617E31600F82CFB /* Project object */;
}
